
Microsoft Visual Studio Solution File, Format Version 12.00
# Visual Studio Version 17
VisualStudioVersion = 17.6.33712.159
MinimumVisualStudioVersion = 10.0.40219.1
Project("{FAE04EC0-301F-11D3-BF4B-00C04F79EFBC}") = "Ping2", "Ping2\Ping2.csproj", "{D34D364F-B0EC-436F-BCE0-76D5649A52C9}"
EndProject
Project("{FAE04EC0-301F-11D3-BF4B-00C04F79EFBC}") = "Ping2.Test", "Ping2.Test\Ping2.Test.csproj", "{E2496751-912A-4FD3-B5DE-59CC908C28A2}"
EndProject
Global
	GlobalSection(SolutionConfigurationPlatforms) = preSolution
		Debug|Any CPU = Debug|Any CPU
		Release|Any CPU = Release|Any CPU
	EndGlobalSection
	GlobalSection(ProjectConfigurationPlatforms) = postSolution
		{D34D364F-B0EC-436F-BCE0-76D5649A52C9}.Debug|Any CPU.ActiveCfg = Debug|Any CPU
		{D34D364F-B0EC-436F-BCE0-76D5649A52C9}.Debug|Any CPU.Build.0 = Debug|Any CPU
		{D34D364F-B0EC-436F-BCE0-76D5649A52C9}.Release|Any CPU.ActiveCfg = Release|Any CPU
		{D34D364F-B0EC-436F-BCE0-76D5649A52C9}.Release|Any CPU.Build.0 = Release|Any CPU
		{E2496751-912A-4FD3-B5DE-59CC908C28A2}.Debug|Any CPU.ActiveCfg = Debug|Any CPU
		{E2496751-912A-4FD3-B5DE-59CC908C28A2}.Debug|Any CPU.Build.0 = Debug|Any CPU
		{E2496751-912A-4FD3-B5DE-59CC908C28A2}.Release|Any CPU.ActiveCfg = Release|Any CPU
		{E2496751-912A-4FD3-B5DE-59CC908C28A2}.Release|Any CPU.Build.0 = Release|Any CPU
	EndGlobalSection
	GlobalSection(SolutionProperties) = preSolution
		HideSolutionNode = FALSE
	EndGlobalSection
	GlobalSection(ExtensibilityGlobals) = postSolution
		SolutionGuid = {FCEF3499-948B-467D-9228-185FE237F0BF}
	EndGlobalSection
EndGlobal
